
Microsoft Visual Studio Solution File, Format Version 12.00
# Visual Studio 14
VisualStudioVersion = 14.0.25420.1
MinimumVisualStudioVersion = 10.0.40219.1
Project("{FAE04EC0-301F-11D3-BF4B-00C04F79EFBC}") = "GameOfLife.Core", "GameOfLife.Core\GameOfLife.Core.csproj", "{C7DED8B0-D3B3-4552-AF47-4D4363A9FF38}"
EndProject
Project("{FAE04EC0-301F-11D3-BF4B-00C04F79EFBC}") = "GameOfLife.UI", "GameOfLife.UI\GameOfLife.UI.csproj", "{4E113AB6-E14A-457F-96B9-ED33B7788407}"
EndProject
Global
	GlobalSection(SolutionConfigurationPlatforms) = preSolution
		Debug|Any CPU = Debug|Any CPU
		Release|Any CPU = Release|Any CPU
	EndGlobalSection
	GlobalSection(ProjectConfigurationPlatforms) = postSolution
		{C7DED8B0-D3B3-4552-AF47-4D4363A9FF38}.Debug|Any CPU.ActiveCfg = Debug|Any CPU
		{C7DED8B0-D3B3-4552-AF47-4D4363A9FF38}.Debug|Any CPU.Build.0 = Debug|Any CPU
		{C7DED8B0-D3B3-4552-AF47-4D4363A9FF38}.Release|Any CPU.ActiveCfg = Release|Any CPU
		{C7DED8B0-D3B3-4552-AF47-4D4363A9FF38}.Release|Any CPU.Build.0 = Release|Any CPU
		{4E113AB6-E14A-457F-96B9-ED33B7788407}.Debug|Any CPU.ActiveCfg = Debug|Any CPU
		{4E113AB6-E14A-457F-96B9-ED33B7788407}.Debug|Any CPU.Build.0 = Debug|Any CPU
		{4E113AB6-E14A-457F-96B9-ED33B7788407}.Release|Any CPU.ActiveCfg = Release|Any CPU
		{4E113AB6-E14A-457F-96B9-ED33B7788407}.Release|Any CPU.Build.0 = Release|Any CPU
	EndGlobalSection
	GlobalSection(SolutionProperties) = preSolution
		HideSolutionNode = FALSE
	EndGlobalSection
EndGlobal
